{
  "requires": true,
  "lockfileVersion": 1,
  "dependencies": {
    "lottie-react": {
      "version": "2.1.0",
      "resolved": "https://registry.npmjs.org/lottie-react/-/lottie-react-2.1.0.tgz",
      "integrity": "sha512-sHDJb5aeh1letUIWqwidHoHZj07ZOZQoLuUgy0gqt9FB/XiCtAZ2+421Cn+ZkHR7anVvWljKhGgctQCtgFloUA==",
      "requires": {
        "lottie-web": "^5.7.3"
      }
    },
    "lottie-web": {
      "version": "5.7.4",
      "resolved": "https://registry.npmjs.org/lottie-web/-/lottie-web-5.7.4.tgz",
      "integrity": "sha512-LxqhXlHnHXOPmu+o2ipFKGv42jZLmn/GiEwXP0YC331fFwa+y96OUV22OF9r4i29uWKDciXiJr8tzy6jL8KygA=="
    }
  }
}
